
Microsoft Visual Studio Solution File, Format Version 12.00
# Visual Studio Version 17
VisualStudioVersion = 17.5.33530.505
MinimumVisualStudioVersion = 10.0.40219.1
Project("{FAE04EC0-301F-11D3-BF4B-00C04F79EFBC}") = "SimShop.Service", "SimShop\SimShop.Service.csproj", "{DF1BCDC6-3201-43E0-9379-A5A5E8904FE0}"
EndProject
Project("{FAE04EC0-301F-11D3-BF4B-00C04F79EFBC}") = "SimShop.Data", "SimShop.Data\SimShop.Data.csproj", "{9CBAAC10-8814-40E1-A877-03D7C40C6C1E}"
EndProject
Project("{FAE04EC0-301F-11D3-BF4B-00C04F79EFBC}") = "SimShop.Base", "SimShop.Base\SimShop.Base.csproj", "{AB9EB59A-AF9B-49B3-9241-0D55E0AFDFE8}"
EndProject
Project("{FAE04EC0-301F-11D3-BF4B-00C04F79EFBC}") = "SimShop.Operation", "SimShop.Operation\SimShop.Operation.csproj", "{787AF33C-9DE4-48B8-B0BF-394A17FE58C2}"
EndProject
Project("{FAE04EC0-301F-11D3-BF4B-00C04F79EFBC}") = "SimShop.Schema", "SimShop.Schema\SimShop.Schema.csproj", "{D14DFC34-B703-498B-BE25-DEDCBBB23AE8}"
EndProject
Global
	GlobalSection(SolutionConfigurationPlatforms) = preSolution
		Debug|Any CPU = Debug|Any CPU
		Release|Any CPU = Release|Any CPU
	EndGlobalSection
	GlobalSection(ProjectConfigurationPlatforms) = postSolution
		{DF1BCDC6-3201-43E0-9379-A5A5E8904FE0}.Debug|Any CPU.ActiveCfg = Debug|Any CPU
		{DF1BCDC6-3201-43E0-9379-A5A5E8904FE0}.Debug|Any CPU.Build.0 = Debug|Any CPU
		{DF1BCDC6-3201-43E0-9379-A5A5E8904FE0}.Release|Any CPU.ActiveCfg = Release|Any CPU
		{DF1BCDC6-3201-43E0-9379-A5A5E8904FE0}.Release|Any CPU.Build.0 = Release|Any CPU
		{9CBAAC10-8814-40E1-A877-03D7C40C6C1E}.Debug|Any CPU.ActiveCfg = Debug|Any CPU
		{9CBAAC10-8814-40E1-A877-03D7C40C6C1E}.Debug|Any CPU.Build.0 = Debug|Any CPU
		{9CBAAC10-8814-40E1-A877-03D7C40C6C1E}.Release|Any CPU.ActiveCfg = Release|Any CPU
		{9CBAAC10-8814-40E1-A877-03D7C40C6C1E}.Release|Any CPU.Build.0 = Release|Any CPU
		{AB9EB59A-AF9B-49B3-9241-0D55E0AFDFE8}.Debug|Any CPU.ActiveCfg = Debug|Any CPU
		{AB9EB59A-AF9B-49B3-9241-0D55E0AFDFE8}.Debug|Any CPU.Build.0 = Debug|Any CPU
		{AB9EB59A-AF9B-49B3-9241-0D55E0AFDFE8}.Release|Any CPU.ActiveCfg = Release|Any CPU
		{AB9EB59A-AF9B-49B3-9241-0D55E0AFDFE8}.Release|Any CPU.Build.0 = Release|Any CPU
		{787AF33C-9DE4-48B8-B0BF-394A17FE58C2}.Debug|Any CPU.ActiveCfg = Debug|Any CPU
		{787AF33C-9DE4-48B8-B0BF-394A17FE58C2}.Debug|Any CPU.Build.0 = Debug|Any CPU
		{787AF33C-9DE4-48B8-B0BF-394A17FE58C2}.Release|Any CPU.ActiveCfg = Release|Any CPU
		{787AF33C-9DE4-48B8-B0BF-394A17FE58C2}.Release|Any CPU.Build.0 = Release|Any CPU
		{D14DFC34-B703-498B-BE25-DEDCBBB23AE8}.Debug|Any CPU.ActiveCfg = Debug|Any CPU
		{D14DFC34-B703-498B-BE25-DEDCBBB23AE8}.Debug|Any CPU.Build.0 = Debug|Any CPU
		{D14DFC34-B703-498B-BE25-DEDCBBB23AE8}.Release|Any CPU.ActiveCfg = Release|Any CPU
		{D14DFC34-B703-498B-BE25-DEDCBBB23AE8}.Release|Any CPU.Build.0 = Release|Any CPU
	EndGlobalSection
	GlobalSection(SolutionProperties) = preSolution
		HideSolutionNode = FALSE
	EndGlobalSection
	GlobalSection(ExtensibilityGlobals) = postSolution
		SolutionGuid = {7E518F1A-3DB2-4539-9639-D8A544B75B41}
	EndGlobalSection
EndGlobal
